---
- :data:
    :name: Inhaltsblock
    :type: object
    :schema_ancestors:
      - CreativeWork
    :content_type: embedded
    :properties:
      :id:
        :label: id
        :type: key
      :name:
        :label: Überschrift
        :type: string
        :storage_location: translated_value
        :search: true
      :alternative_headline:
        :label: Unterüberschrift
        :type: string
        :storage_location: translated_value
        :search: true
        :advanced_search: true
      :text:
        :label: Text
        :type: string
        :storage_location: translated_value
        :search: true
        :ui:
          :edit:
            :type: text_editor
            :options:
              :data-size: full
        :advanced_search: true
      :image:
        :label: Bilder
        :type: linked
        :template_name: Bild
      :potential_action:
        :label: Weiterführende Links
        :type: embedded
        :template_name: Action
        :translated: true
        :api:
          :partial: action
      :kind:
        :label: Inhaltsart
        :type: classification
        :tree_label: Inhaltsarten
      :meta_data:
        :type: mixin
        :name: meta_data
